# This file is automatically @generated by Cargo.
# It is not intended for manual editing.
version = 4

[[package]]
name = "quant-core"
version = "0.1.0"

[[package]]
name = "quant-engine"
version = "0.1.0"

[[package]]
name = "quant-execution"
version = "0.1.0"

[[package]]
name = "quant-feed"
version = "0.1.0"

[[package]]
name = "quant-risk"
version = "0.1.0"

[[package]]
name = "quant-storage"
version = "0.1.0"

[[package]]
name = "quant-strategy"
version = "0.1.0"
